{
  "lockfileVersion": 1,
  "configVersion": 1,
  "workspaces": {
    "": {
      "name": "beefy-traces",
      "dependencies": {
        "@envio-dev/hypersync-client": "^1.1.0",
      },
      "devDependencies": {
        "@types/bun": "latest",
      },
      "peerDependencies": {
        "typescript": "^5",
      },
    },
  },
  "packages": {
    "@envio-dev/hypersync-client": ["@envio-dev/hypersync-client@1.1.0", "", { "optionalDependencies": { "@envio-dev/hypersync-client-darwin-arm64": "1.1.0", "@envio-dev/hypersync-client-darwin-x64": "1.1.0", "@envio-dev/hypersync-client-linux-arm64-gnu": "1.1.0", "@envio-dev/hypersync-client-linux-x64-gnu": "1.1.0", "@envio-dev/hypersync-client-linux-x64-musl": "1.1.0" } }, "sha512-tTCW/fvYPFYIcL6SLcWd5Fe6uPCcXQbLgZaYL3NSvkhvrpw5VSx3M2QbHdpIrhmzoDkZdpIYyFD+pdZhC6Y75g=="],

    "@envio-dev/hypersync-client-darwin-arm64": ["@envio-dev/hypersync-client-darwin-arm64@1.1.0", "", { "os": "darwin", "cpu": "arm64" }, "sha512-WO/yxYiN9nz7pHw7xLs/4hnEHQM5OVcTwvtxZTZHox7It3n7aeBzsJfrGYYqYW1bPxDwSYwb6x9l0/fQc59xeA=="],

    "@envio-dev/hypersync-client-darwin-x64": ["@envio-dev/hypersync-client-darwin-x64@1.1.0", "", { "os": "darwin", "cpu": "x64" }, "sha512-BOD4gaZ6NAyLDDVgfIhpD25ikjEQpTXNBqbIYuTjWS1D0NiQD5mmyZCFcSMmaJJ0j4iobBQV1LMiNX8nDLahPA=="],

    "@envio-dev/hypersync-client-linux-arm64-gnu": ["@envio-dev/hypersync-client-linux-arm64-gnu@1.1.0", "", { "os": "linux", "cpu": "arm64" }, "sha512-TDRpAGbfuI4u83Swy50IkGZSMaWXZw/SNC8BiMqLBmYVt1GqFDB1VGrkecf4AhQBPlQk8iDTOxxIKNuOCsY//A=="],

    "@envio-dev/hypersync-client-linux-x64-gnu": ["@envio-dev/hypersync-client-linux-x64-gnu@1.1.0", "", { "os": "linux", "cpu": "x64" }, "sha512-ooOdLfrhq8W3J76pcJDWuXIpu9cTBjZR86XkkHaheDNkYQlBZ7h5oG3IhNTLnooFkih+6+9dfcfOdG4NMmylGA=="],

    "@envio-dev/hypersync-client-linux-x64-musl": ["@envio-dev/hypersync-client-linux-x64-musl@1.1.0", "", { "os": "linux", "cpu": "x64" }, "sha512-WS717WyRyTZPRMfYmscRslRIhxWNKzdQR3SLugqQs0z1W7wo58WMufhr5EpzID5/GR10zexz+Y3a4HWMAGiu+Q=="],

    "@types/bun": ["@types/bun@1.3.11", "", { "dependencies": { "bun-types": "1.3.11" } }, "sha512-5vPne5QvtpjGpsGYXiFyycfpDF2ECyPcTSsFBMa0fraoxiQyMJ3SmuQIGhzPg2WJuWxVBoxWJ2kClYTcw/4fAg=="],

    "@types/node": ["@types/node@25.5.0", "", { "dependencies": { "undici-types": "~7.18.0" } }, "sha512-jp2P3tQMSxWugkCUKLRPVUpGaL5MVFwF8RDuSRztfwgN1wmqJeMSbKlnEtQqU8UrhTmzEmZdu2I6v2dpp7XIxw=="],

    "bun-types": ["bun-types@1.3.11", "", { "dependencies": { "@types/node": "*" } }, "sha512-1KGPpoxQWl9f6wcZh57LvrPIInQMn2TQ7jsgxqpRzg+l0QPOFvJVH7HmvHo/AiPgwXy+/Thf6Ov3EdVn1vOabg=="],

    "typescript": ["typescript@5.9.3", "", { "bin": { "tsc": "bin/tsc", "tsserver": "bin/tsserver" } }, "sha512-jl1vZzPDinLr9eUt3J/t7V6FgNEw9QjvBPdysz9KfQDD41fQrC2Y4vKQdiaUpFT4bXlb1RHhLpp8wtm6M5TgSw=="],

    "undici-types": ["undici-types@7.18.2", "", {}, "sha512-AsuCzffGHJybSaRrmr5eHr81mwJU3kjw6M+uprWvCXiNeN9SOGwQ3Jn8jb8m3Z6izVgknn1R0FTCEAP2QrLY/w=="],
  }
}
